
Microsoft Visual Studio Solution File, Format Version 12.00
# Visual Studio 2012
Project("{FAE04EC0-301F-11D3-BF4B-00C04F79EFBC}") = "Mobile.IOS", "Mobile.IOS\Mobile.IOS.csproj", "{445BBA24-7F58-4E53-9362-E22C89EEA672}"
EndProject
Project("{FAE04EC0-301F-11D3-BF4B-00C04F79EFBC}") = "Mobile.Android", "Mobile.Android\Mobile.Android.csproj", "{7DCEF835-A261-4793-952B-6DBD6EB20E61}"
EndProject
Global
	GlobalSection(SolutionConfigurationPlatforms) = preSolution
		Ad-Hoc|iPhone = Ad-Hoc|iPhone
		Ad-Hoc|iPhoneSimulator = Ad-Hoc|iPhoneSimulator
		AppStore|iPhone = AppStore|iPhone
		AppStore|iPhoneSimulator = AppStore|iPhoneSimulator
		Debug|iPhone = Debug|iPhone
		Debug|iPhoneSimulator = Debug|iPhoneSimulator
		Release|iPhone = Release|iPhone
		Release|iPhoneSimulator = Release|iPhoneSimulator
	EndGlobalSection
	GlobalSection(ProjectConfigurationPlatforms) = postSolution
		{445BBA24-7F58-4E53-9362-E22C89EEA672}.Ad-Hoc|iPhone.ActiveCfg = Ad-Hoc|iPhone
		{445BBA24-7F58-4E53-9362-E22C89EEA672}.Ad-Hoc|iPhone.Build.0 = Ad-Hoc|iPhone
		{445BBA24-7F58-4E53-9362-E22C89EEA672}.Ad-Hoc|iPhoneSimulator.ActiveCfg = Ad-Hoc|iPhoneSimulator
		{445BBA24-7F58-4E53-9362-E22C89EEA672}.Ad-Hoc|iPhoneSimulator.Build.0 = Ad-Hoc|iPhoneSimulator
		{445BBA24-7F58-4E53-9362-E22C89EEA672}.Ad-Hoc|iPhoneSimulator.Deploy.0 = Ad-Hoc|iPhoneSimulator
		{445BBA24-7F58-4E53-9362-E22C89EEA672}.AppStore|iPhone.ActiveCfg = AppStore|iPhone
		{445BBA24-7F58-4E53-9362-E22C89EEA672}.AppStore|iPhone.Build.0 = AppStore|iPhone
		{445BBA24-7F58-4E53-9362-E22C89EEA672}.AppStore|iPhoneSimulator.ActiveCfg = AppStore|iPhoneSimulator
		{445BBA24-7F58-4E53-9362-E22C89EEA672}.AppStore|iPhoneSimulator.Build.0 = AppStore|iPhoneSimulator
		{445BBA24-7F58-4E53-9362-E22C89EEA672}.AppStore|iPhoneSimulator.Deploy.0 = AppStore|iPhoneSimulator
		{445BBA24-7F58-4E53-9362-E22C89EEA672}.Debug|iPhone.ActiveCfg = Debug|iPhone
		{445BBA24-7F58-4E53-9362-E22C89EEA672}.Debug|iPhone.Build.0 = Debug|iPhone
		{445BBA24-7F58-4E53-9362-E22C89EEA672}.Debug|iPhoneSimulator.ActiveCfg = Debug|iPhoneSimulator
		{445BBA24-7F58-4E53-9362-E22C89EEA672}.Debug|iPhoneSimulator.Build.0 = Debug|iPhoneSimulator
		{445BBA24-7F58-4E53-9362-E22C89EEA672}.Release|iPhone.ActiveCfg = Release|iPhone
		{445BBA24-7F58-4E53-9362-E22C89EEA672}.Release|iPhone.Build.0 = Release|iPhone
		{445BBA24-7F58-4E53-9362-E22C89EEA672}.Release|iPhoneSimulator.ActiveCfg = Release|iPhoneSimulator
		{445BBA24-7F58-4E53-9362-E22C89EEA672}.Release|iPhoneSimulator.Build.0 = Release|iPhoneSimulator
		{7DCEF835-A261-4793-952B-6DBD6EB20E61}.Ad-Hoc|iPhone.ActiveCfg = Release|Any CPU
		{7DCEF835-A261-4793-952B-6DBD6EB20E61}.Ad-Hoc|iPhone.Build.0 = Release|Any CPU
		{7DCEF835-A261-4793-952B-6DBD6EB20E61}.Ad-Hoc|iPhoneSimulator.ActiveCfg = Debug|Any CPU
		{7DCEF835-A261-4793-952B-6DBD6EB20E61}.AppStore|iPhone.ActiveCfg = Release|Any CPU
		{7DCEF835-A261-4793-952B-6DBD6EB20E61}.AppStore|iPhone.Build.0 = Release|Any CPU
		{7DCEF835-A261-4793-952B-6DBD6EB20E61}.AppStore|iPhoneSimulator.ActiveCfg = Debug|Any CPU
		{7DCEF835-A261-4793-952B-6DBD6EB20E61}.Debug|iPhone.ActiveCfg = Debug|Any CPU
		{7DCEF835-A261-4793-952B-6DBD6EB20E61}.Debug|iPhone.Build.0 = Debug|Any CPU
		{7DCEF835-A261-4793-952B-6DBD6EB20E61}.Debug|iPhoneSimulator.ActiveCfg = Debug|Any CPU
		{7DCEF835-A261-4793-952B-6DBD6EB20E61}.Debug|iPhoneSimulator.Build.0 = Debug|Any CPU
		{7DCEF835-A261-4793-952B-6DBD6EB20E61}.Release|iPhone.ActiveCfg = Release|Any CPU
		{7DCEF835-A261-4793-952B-6DBD6EB20E61}.Release|iPhone.Build.0 = Release|Any CPU
		{7DCEF835-A261-4793-952B-6DBD6EB20E61}.Release|iPhoneSimulator.ActiveCfg = Release|Any CPU
		{7DCEF835-A261-4793-952B-6DBD6EB20E61}.Release|iPhoneSimulator.Build.0 = Release|Any CPU
	EndGlobalSection
	GlobalSection(SolutionProperties) = preSolution
		HideSolutionNode = FALSE
	EndGlobalSection
	GlobalSection(MonoDevelopProperties) = preSolution
		StartupItem = Mobile.IOS\Mobile.IOS.csproj
	EndGlobalSection
EndGlobal
